
Microsoft Visual Studio Solution File, Format Version 12.00
# Visual Studio 15
VisualStudioVersion = 15.0.27703.2026
MinimumVisualStudioVersion = 10.0.40219.1
Project("{FAE04EC0-301F-11D3-BF4B-00C04F79EFBC}") = "addressbook-web-test", "addressbook-web-test\addressbook-web-test.csproj", "{EE9010F2-F1BD-4557-9CE0-7F558CCDE96B}"
EndProject
Global
	GlobalSection(SolutionConfigurationPlatforms) = preSolution
		Debug|Any CPU = Debug|Any CPU
		Release|Any CPU = Release|Any CPU
	EndGlobalSection
	GlobalSection(ProjectConfigurationPlatforms) = postSolution
		{EE9010F2-F1BD-4557-9CE0-7F558CCDE96B}.Debug|Any CPU.ActiveCfg = Debug|Any CPU
		{EE9010F2-F1BD-4557-9CE0-7F558CCDE96B}.Debug|Any CPU.Build.0 = Debug|Any CPU
		{EE9010F2-F1BD-4557-9CE0-7F558CCDE96B}.Release|Any CPU.ActiveCfg = Release|Any CPU
		{EE9010F2-F1BD-4557-9CE0-7F558CCDE96B}.Release|Any CPU.Build.0 = Release|Any CPU
	EndGlobalSection
	GlobalSection(SolutionProperties) = preSolution
		HideSolutionNode = FALSE
	EndGlobalSection
	GlobalSection(ExtensibilityGlobals) = postSolution
		SolutionGuid = {B364BA45-04A1-4D59-B3A4-B72B22CB848E}
	EndGlobalSection
EndGlobal
